# THIS IS AN AUTOGENERATED FILE. DO NOT EDIT THIS FILE DIRECTLY.
# yarn lockfile v1


"@esbuild/linux-loong64@0.15.2":
  version "0.15.2"
  resolved "https://registry.yarnpkg.com/@esbuild/linux-loong64/-/linux-loong64-0.15.2.tgz#e8b88813c3a1734504f43315147ebb9bf488bbe4"
  integrity sha512-lcfRxKY3CIBFop9slpNu04+fGro1S0QN5n+HrbOwR6eHHdYeidvMtSVK4vbbYmEMwQr3MFAt2yU6bhwl4dqL/A==

esbuild-android-64@0.15.2:
  version "0.15.2"
  resolved "https://registry.yarnpkg.com/esbuild-android-64/-/esbuild-android-64-0.15.2.tgz#2fed9a4aedfdf7f3f06910c4bd8736ba0e3761c7"
  integrity sha512-lEyRmwmdkkKBpIOi0wKGheuCPECgl5/GCOQkhVpDFEj1lec3cinEk37EbD3f4PUvix1eAHtTa0UI1ga0Bznntg==

esbuild-android-arm64@0.15.2:
  version "0.15.2"
  resolved "https://registry.yarnpkg.com/esbuild-android-arm64/-/esbuild-android-arm64-0.15.2.tgz#1b2cc0220f21f84c466cebadea3a93cf8498e9de"
  integrity sha512-znXfd7QBNrpAVnB8ZP5Zj4a3ah5dPBPZwbn6v0f4Lub4iwwZJ1h34VWMuo2f7KZdIbl2axrei6FxlQncS8zzEw==

esbuild-darwin-64@0.15.2:
  version "0.15.2"
  resolved "https://registry.yarnpkg.com/esbuild-darwin-64/-/esbuild-darwin-64-0.15.2.tgz#a057f90662ba460ceefef756a05569db1a9240de"
  integrity sha512-keNq6K+qhEJ5kZ6L1UJGYjAnv6Kkpf2KjOjC6r0JMsX6ZAaXnA3OqqXJttEYzBKpZ+W6/T+paS4Slzk3N2bSvQ==

esbuild-darwin-arm64@0.15.2:
  version "0.15.2"
  resolved "https://registry.yarnpkg.com/esbuild-darwin-arm64/-/esbuild-darwin-arm64-0.15.2.tgz#0bc2cfcdc3417706ae4d09d1429e43b7109fa241"
  integrity sha512-H/0vtLB/dY+TVGsAskmyuaQ7qegNVi+A4N5a+vpPHPFutzoGjcj4tf/77jZ3UsMTlN1dq+Ldala1P1pf486L8Q==

esbuild-freebsd-64@0.15.2:
  version "0.15.2"
  resolved "https://registry.yarnpkg.com/esbuild-freebsd-64/-/esbuild-freebsd-64-0.15.2.tgz#be5e7c24ed8885103ecd51fdd1fd9b42b4466ab8"
  integrity sha512-KMskcfVTisa2h/xaOwmoWEBm6CVWbKbrnEAv3sEfOF0wodjQfcPvW7HAxatMGL7AW9PIUP6UXLCCCUUnxL2yLQ==

esbuild-freebsd-arm64@0.15.2:
  version "0.15.2"
  resolved "https://registry.yarnpkg.com/esbuild-freebsd-arm64/-/esbuild-freebsd-arm64-0.15.2.tgz#75446b5371ccb85433367e3badf446cb8ee62d80"
  integrity sha512-RJJ3c4L6XGfZeiFqphK58KL+3LfrmebMLgB9QJ0Gygmjx1F6tnLUrLwNBNXrpMT7X4bEtCvP9Gvhkt5HVTdt7g==

esbuild-linux-32@0.15.2:
  version "0.15.2"
  resolved "https://registry.yarnpkg.com/esbuild-linux-32/-/esbuild-linux-32-0.15.2.tgz#cfd208cca5951c3101ac7f6d632ff1e300c9a974"
  integrity sha512-GfCEEs+D+vBrluCUBFr3MP8/PH/fNc5xl2JbsHkwivBXlbORXf5m4Ts8vII9qPxEkLAUsoYx4Bjp+Ca0WqQ9tA==

esbuild-linux-64@0.15.2:
  version "0.15.2"
  resolved "https://registry.yarnpkg.com/esbuild-linux-64/-/esbuild-linux-64-0.15.2.tgz#3f076e64e4d979d20738d31bbe4187c18faa8bc4"
  integrity sha512-F6GfpZrcTisWFrJZdx73NNVjY64iOqhxFsdmnftHZFfeLG4KyJg9hO5kd6E+Rq3udoRk41jPS+fg0+iCyq5Utg==

esbuild-linux-arm64@0.15.2:
  version "0.15.2"
  resolved "https://registry.yarnpkg.com/esbuild-linux-arm64/-/esbuild-linux-arm64-0.15.2.tgz#2579a1fd741488060aa1f42bc81877b5e4646e1d"
  integrity sha512-CacsuBpOzU/WVWMS19iGHCrijgheCtmNb9mjlvpoxwLEVjHycc9/X+Pup6vp8dk5jRrhm/7lkY8Fbw9OxM+oug==

esbuild-linux-arm@0.15.2:
  version "0.15.2"
  resolved "https://registry.yarnpkg.com/esbuild-linux-arm/-/esbuild-linux-arm-0.15.2.tgz#5dc5ec6350ceb3c65c6be777ae80445afffa8a01"
  integrity sha512-u2YXH9ZCuyN9KwcpKCzhgUckBgy8O07oivv3cV/Z+WnFOjXhKFc+IY0v41nFODPEzEIbozMUx8boVexvHMXHDA==

esbuild-linux-mips64le@0.15.2:
  version "0.15.2"
  resolved "https://registry.yarnpkg.com/esbuild-linux-mips64le/-/esbuild-linux-mips64le-0.15.2.tgz#7a8f98e891c2a8647a690bb97eec70feddf31477"
  integrity sha512-VY8pEtXAEyPfVCP/SKPGxaiNF7b259Le0wvEPQTYMeJycAVfahBhpg/9qk2Ufd7mMVGT7G2izr86jJsvuiMVZw==

esbuild-linux-ppc64le@0.15.2:
  version "0.15.2"
  resolved "https://registry.yarnpkg.com/esbuild-linux-ppc64le/-/esbuild-linux-ppc64le-0.15.2.tgz#ccf18dc41add1c7a7dadd2a3994ab6b06708c45f"
  integrity sha512-+Sma8cuiVciTU+xuqErEU4hm8k2bMivqEXPGsXFPKJAV2XrLQlkT5zuPA4FWuKpxwVLUxxuYhkq0nv4j5Dv/3Q==

esbuild-linux-riscv64@0.15.2:
  version "0.15.2"
  resolved "https://registry.yarnpkg.com/esbuild-linux-riscv64/-/esbuild-linux-riscv64-0.15.2.tgz#677b86a39ebfe52a4318c4439a4b27c1fc10bc9a"
  integrity sha512-HkqtnuEiVq2VvqD6Wb9LEWAedbpxXkq7h3Imop6vaAQUr5z8HROfTyY349QsP9aGY3aF/NiBkX20C6vOqTex8A==

esbuild-linux-s390x@0.15.2:
  version "0.15.2"
  resolved "https://registry.yarnpkg.com/esbuild-linux-s390x/-/esbuild-linux-s390x-0.15.2.tgz#a683dc3995940e58a534814d57e3920ec61425d5"
  integrity sha512-nIqNFoovQRoz/YBm64xRWXT4yg5BtT2DXA8ogI8lJKy6B+mOKeOVVkvAbFU5YrvUq6AHhMuCsoa3CYFK5a4/vg==

esbuild-netbsd-64@0.15.2:
  version "0.15.2"
  resolved "https://registry.yarnpkg.com/esbuild-netbsd-64/-/esbuild-netbsd-64-0.15.2.tgz#c04f18e4e2b5b3ef9d4da9df15714cba8cc983b9"
  integrity sha512-CY5kHo3C3+aY1VBv76lDTe/D/+4nkhA6cE8ENRezeEvWmu8pPqnIVk1cy/jLNNPBYkbZiR30z/QeZy5yWsW1kg==

esbuild-openbsd-64@0.15.2:
  version "0.15.2"
  resolved "https://registry.yarnpkg.com/esbuild-openbsd-64/-/esbuild-openbsd-64-0.15.2.tgz#50092eda199b39ab5207bfd92135df0fdb67de74"
  integrity sha512-fXpQW8I6Lm9gJubvW/QjR1OwQQ4tMriVhxznJJmbaX7EYHtcog6Fy+xqbl+YUBZ3dxmEBkBXd6LZaXkn10yavQ==

esbuild-sunos-64@0.15.2:
  version "0.15.2"
  resolved "https://registry.yarnpkg.com/esbuild-sunos-64/-/esbuild-sunos-64-0.15.2.tgz#1250070037224c05efe9c22efc270c973180ac7a"
  integrity sha512-8xaprqT/rxfbxljQrd2A4iASOnw46eiieghh6JgzjlrXP/6kbhN3fe8IgQclcdu6SjDPmQvNSURQ5xCeVATpbQ==

esbuild-windows-32@0.15.2:
  version "0.15.2"
  resolved "https://registry.yarnpkg.com/esbuild-windows-32/-/esbuild-windows-32-0.15.2.tgz#5d34c29c57136e1a59f591fd610ff994b362f24c"
  integrity sha512-lGLNGBmDQ0gZphbUfxT7n6OO1l6iOQM2xnYN90+etzTWZeI76CYLbVPCZR+kp3vzyIRAbcsS6NtM4SknHAwEww==

esbuild-windows-64@0.15.2:
  version "0.15.2"
  resolved "https://registry.yarnpkg.com/esbuild-windows-64/-/esbuild-windows-64-0.15.2.tgz#504a70432aa75d3821acffb04c780f0872c5b585"
  integrity sha512-Rc6cUwOiQiGgpAxlCl8Lj3o2Ds4n3OU8UyoWpOBXmms+gXdwlKBzxjwj5FxrZJ6EveYpFqzDP07tbzOa9YpTKw==

esbuild-windows-arm64@0.15.2:
  version "0.15.2"
  resolved "https://registry.yarnpkg.com/esbuild-windows-arm64/-/esbuild-windows-arm64-0.15.2.tgz#512408052d4133c455d49ea871045fcf716ac3e1"
  integrity sha512-0bpQcIvd6TBIThA+nr9QsTfaU23Co5IPMlXmuNja6buDEu92b9im9ZMGV/BLF+jwKwG8/f1L/0Yfl9QzNuH4Eg==

esbuild@^0.15.2:
  version "0.15.2"
  resolved "https://registry.yarnpkg.com/esbuild/-/esbuild-0.15.2.tgz#b42f810d64598fbdff11e8eb43e6bdbc327eb37a"
  integrity sha512-iKfJsm2u5ATPI3x3sq/WrxISWhAZB/VpvygGG8Pr3q+xQhkIhyI737t+xUa71f50g0ioihQSGaHiQO5hbVDoSQ==
  optionalDependencies:
    "@esbuild/linux-loong64" "0.15.2"
    esbuild-android-64 "0.15.2"
    esbuild-android-arm64 "0.15.2"
    esbuild-darwin-64 "0.15.2"
    esbuild-darwin-arm64 "0.15.2"
    esbuild-freebsd-64 "0.15.2"
    esbuild-freebsd-arm64 "0.15.2"
    esbuild-linux-32 "0.15.2"
    esbuild-linux-64 "0.15.2"
    esbuild-linux-arm "0.15.2"
    esbuild-linux-arm64 "0.15.2"
    esbuild-linux-mips64le "0.15.2"
    esbuild-linux-ppc64le "0.15.2"
    esbuild-linux-riscv64 "0.15.2"
    esbuild-linux-s390x "0.15.2"
    esbuild-netbsd-64 "0.15.2"
    esbuild-openbsd-64 "0.15.2"
    esbuild-sunos-64 "0.15.2"
    esbuild-windows-32 "0.15.2"
    esbuild-windows-64 "0.15.2"
    esbuild-windows-arm64 "0.15.2"
